# This file was autogenerated by Stack.
# You should not edit this file by hand.
# For more information, please see the documentation at:
#   https://docs.haskellstack.org/en/stable/lock_files

packages:
- completed:
    name: sprockell
    pantry-tree:
      sha256: f244e22cce50e9f67c1e2946af51da7432d42b6a9eabc909bc411a9bef6d808d
      size: 1303
    sha256: 55814df563f89d71ae2ae9dde39852c97f714494fe399e69f39d890c2d6ea166
    size: 17643
    url: https://github.com/bobismijnnaam/sprockell/archive/3872ca567673f994170f49bbf7b1eaadf999af10.tar.gz
    version: 2022.0.0
  original:
    url: https://github.com/bobismijnnaam/sprockell/archive/3872ca567673f994170f49bbf7b1eaadf999af10.tar.gz
snapshots:
- completed:
    sha256: d4ee004c46ba878d2f304f5d748d493057be579192a8d148527f3ba55c9df57f
    size: 618683
    url: https://raw.githubusercontent.com/commercialhaskell/stackage-snapshots/master/lts/19/4.yaml
  original:
    url: https://raw.githubusercontent.com/commercialhaskell/stackage-snapshots/master/lts/19/4.yaml
